
Microsoft Visual Studio Solution File, Format Version 12.00
# Visual Studio Version 17
VisualStudioVersion = 17.5.002.0
MinimumVisualStudioVersion = 10.0.40219.1
Project("{9A19103F-16F7-4668-BE54-9A1E7A4F7556}") = "ccex-api", "ccex-api.csproj", "{3A1B1171-EB17-492C-9F3B-6457A62486F6}"
EndProject
Global
	GlobalSection(SolutionConfigurationPlatforms) = preSolution
		Debug|Any CPU = Debug|Any CPU
		Release|Any CPU = Release|Any CPU
	EndGlobalSection
	GlobalSection(ProjectConfigurationPlatforms) = postSolution
		{3A1B1171-EB17-492C-9F3B-6457A62486F6}.Debug|Any CPU.ActiveCfg = Debug|Any CPU
		{3A1B1171-EB17-492C-9F3B-6457A62486F6}.Debug|Any CPU.Build.0 = Debug|Any CPU
		{3A1B1171-EB17-492C-9F3B-6457A62486F6}.Release|Any CPU.ActiveCfg = Release|Any CPU
		{3A1B1171-EB17-492C-9F3B-6457A62486F6}.Release|Any CPU.Build.0 = Release|Any CPU
	EndGlobalSection
	GlobalSection(SolutionProperties) = preSolution
		HideSolutionNode = FALSE
	EndGlobalSection
	GlobalSection(ExtensibilityGlobals) = postSolution
		SolutionGuid = {D93CF8C4-6AD9-4221-94D5-1A1FAC94DA5A}
	EndGlobalSection
EndGlobal
